
Microsoft Visual Studio Solution File, Format Version 12.00
# Visual Studio Version 16
VisualStudioVersion = 16.0.32413.511
MinimumVisualStudioVersion = 10.0.40219.1
Project("{9A19103F-16F7-4668-BE54-9A1E7A4F7556}") = "CoopirAgent", "CoopirAgent\CoopirAgent.csproj", "{26802D87-D803-4649-A84B-253FFC429070}"
EndProject
Global
	GlobalSection(SolutionConfigurationPlatforms) = preSolution
		Debug|Any CPU = Debug|Any CPU
		Release|Any CPU = Release|Any CPU
	EndGlobalSection
	GlobalSection(ProjectConfigurationPlatforms) = postSolution
		{26802D87-D803-4649-A84B-253FFC429070}.Debug|Any CPU.ActiveCfg = Debug|Any CPU
		{26802D87-D803-4649-A84B-253FFC429070}.Debug|Any CPU.Build.0 = Debug|Any CPU
		{26802D87-D803-4649-A84B-253FFC429070}.Release|Any CPU.ActiveCfg = Debug|Any CPU
		{26802D87-D803-4649-A84B-253FFC429070}.Release|Any CPU.Build.0 = Debug|Any CPU
	EndGlobalSection
	GlobalSection(SolutionProperties) = preSolution
		HideSolutionNode = FALSE
	EndGlobalSection
	GlobalSection(ExtensibilityGlobals) = postSolution
		SolutionGuid = {2A3870BF-DC93-45F2-841A-2C57123A3F30}
	EndGlobalSection
EndGlobal
